
Microsoft Visual Studio Solution File, Format Version 12.00
# Visual Studio 15
VisualStudioVersion = 15.0.28307.421
MinimumVisualStudioVersion = 10.0.40219.1
Project("{FAE04EC0-301F-11D3-BF4B-00C04F79EFBC}") = "RBtn_Msg", "RBtn_Msg\RBtn_Msg.csproj", "{BE938AA0-8B08-4D1F-97B2-928B0203F3BC}"
EndProject
Global
	GlobalSection(SolutionConfigurationPlatforms) = preSolution
		Debug|Any CPU = Debug|Any CPU
		Release|Any CPU = Release|Any CPU
	EndGlobalSection
	GlobalSection(ProjectConfigurationPlatforms) = postSolution
		{BE938AA0-8B08-4D1F-97B2-928B0203F3BC}.Debug|Any CPU.ActiveCfg = Debug|Any CPU
		{BE938AA0-8B08-4D1F-97B2-928B0203F3BC}.Debug|Any CPU.Build.0 = Debug|Any CPU
		{BE938AA0-8B08-4D1F-97B2-928B0203F3BC}.Release|Any CPU.ActiveCfg = Release|Any CPU
		{BE938AA0-8B08-4D1F-97B2-928B0203F3BC}.Release|Any CPU.Build.0 = Release|Any CPU
	EndGlobalSection
	GlobalSection(SolutionProperties) = preSolution
		HideSolutionNode = FALSE
	EndGlobalSection
	GlobalSection(ExtensibilityGlobals) = postSolution
		SolutionGuid = {DBB29C3F-B688-46B2-AB5F-FD2C54C69F9E}
	EndGlobalSection
EndGlobal
